
Microsoft Visual Studio Solution File, Format Version 12.00
# Visual Studio Version 16
VisualStudioVersion = 16.0.31702.278
MinimumVisualStudioVersion = 10.0.40219.1
Project("{FAE04EC0-301F-11D3-BF4B-00C04F79EFBC}") = "Odd or Even", "Odd or Even\Odd or Even.csproj", "{B160AF7B-0EE0-4E04-8C1D-11C59D148D74}"
EndProject
Global
	GlobalSection(SolutionConfigurationPlatforms) = preSolution
		Debug|Any CPU = Debug|Any CPU
		Release|Any CPU = Release|Any CPU
	EndGlobalSection
	GlobalSection(ProjectConfigurationPlatforms) = postSolution
		{B160AF7B-0EE0-4E04-8C1D-11C59D148D74}.Debug|Any CPU.ActiveCfg = Debug|Any CPU
		{B160AF7B-0EE0-4E04-8C1D-11C59D148D74}.Debug|Any CPU.Build.0 = Debug|Any CPU
		{B160AF7B-0EE0-4E04-8C1D-11C59D148D74}.Release|Any CPU.ActiveCfg = Release|Any CPU
		{B160AF7B-0EE0-4E04-8C1D-11C59D148D74}.Release|Any CPU.Build.0 = Release|Any CPU
	EndGlobalSection
	GlobalSection(SolutionProperties) = preSolution
		HideSolutionNode = FALSE
	EndGlobalSection
	GlobalSection(ExtensibilityGlobals) = postSolution
		SolutionGuid = {40B45370-DD21-4B72-A8E9-F956A948EC93}
	EndGlobalSection
EndGlobal
